
Microsoft Visual Studio Solution File, Format Version 12.00
# Visual Studio Version 17
VisualStudioVersion = 17.5.002.0
MinimumVisualStudioVersion = 10.0.40219.1
Project("{9A19103F-16F7-4668-BE54-9A1E7A4F7556}") = "backend", "backend\backend.csproj", "{86C85428-7991-4290-9ACD-64DBA526A924}"
EndProject
Global
	GlobalSection(SolutionConfigurationPlatforms) = preSolution
		Debug|Any CPU = Debug|Any CPU
		Release|Any CPU = Release|Any CPU
	EndGlobalSection
	GlobalSection(ProjectConfigurationPlatforms) = postSolution
		{86C85428-7991-4290-9ACD-64DBA526A924}.Debug|Any CPU.ActiveCfg = Debug|Any CPU
		{86C85428-7991-4290-9ACD-64DBA526A924}.Debug|Any CPU.Build.0 = Debug|Any CPU
		{86C85428-7991-4290-9ACD-64DBA526A924}.Release|Any CPU.ActiveCfg = Release|Any CPU
		{86C85428-7991-4290-9ACD-64DBA526A924}.Release|Any CPU.Build.0 = Release|Any CPU
	EndGlobalSection
	GlobalSection(SolutionProperties) = preSolution
		HideSolutionNode = FALSE
	EndGlobalSection
	GlobalSection(ExtensibilityGlobals) = postSolution
		SolutionGuid = {495DD8E2-F84C-46D4-89A3-0D42610EBCD3}
	EndGlobalSection
EndGlobal
